// !$*UTF8*$!
{
	archiveVersion = 1;
	classes = {
	};
	objectVersion = 55;
	objects = {

/* Begin PBXBuildFile section */
		140CE86327BC7F390061DDA9 /* AuthResponse.swift in Sources */ = {isa = PBXBuildFile; fileRef = 140CE86227BC7F390061DDA9 /* AuthResponse.swift */; };
		149EFDA927BABFA800B8D4A4 /* AppDelegate.swift in Sources */ = {isa = PBXBuildFile; fileRef = 149EFDA827BABFA800B8D4A4 /* AppDelegate.swift */; };
		149EFDAB27BABFA800B8D4A4 /* SceneDelegate.swift in Sources */ = {isa = PBXBuildFile; fileRef = 149EFDAA27BABFA800B8D4A4 /* SceneDelegate.swift */; };
		149EFDAD27BABFA800B8D4A4 /* HomeViewController.swift in Sources */ = {isa = PBXBuildFile; fileRef = 149EFDAC27BABFA800B8D4A4 /* HomeViewController.swift */; };
		149EFDB527BABFAD00B8D4A4 /* Assets.xcassets in Resources */ = {isa = PBXBuildFile; fileRef = 149EFDB427BABFAD00B8D4A4 /* Assets.xcassets */; };
		149EFDB827BABFAD00B8D4A4 /* LaunchScreen.storyboard in Resources */ = {isa = PBXBuildFile; fileRef = 149EFDB627BABFAD00B8D4A4 /* LaunchScreen.storyboard */; };
		149EFDC827BADFE000B8D4A4 /* TabBarViewController.swift in Sources */ = {isa = PBXBuildFile; fileRef = 149EFDC727BADFE000B8D4A4 /* TabBarViewController.swift */; };
		149EFDCA27BADFFA00B8D4A4 /* SearchViewController.swift in Sources */ = {isa = PBXBuildFile; fileRef = 149EFDC927BADFFA00B8D4A4 /* SearchViewController.swift */; };
		149EFDCC27BAE00A00B8D4A4 /* LibraryViewController.swift in Sources */ = {isa = PBXBuildFile; fileRef = 149EFDCB27BAE00A00B8D4A4 /* LibraryViewController.swift */; };
		149EFDD027BAE09700B8D4A4 /* AuthViewController.swift in Sources */ = {isa = PBXBuildFile; fileRef = 149EFDCF27BAE09700B8D4A4 /* AuthViewController.swift */; };
		149EFDD227BAE0A400B8D4A4 /* WelcomeViewController.swift in Sources */ = {isa = PBXBuildFile; fileRef = 149EFDD127BAE0A400B8D4A4 /* WelcomeViewController.swift */; };
		149EFDD427BAE0C900B8D4A4 /* SettingViewController.swift in Sources */ = {isa = PBXBuildFile; fileRef = 149EFDD327BAE0C900B8D4A4 /* SettingViewController.swift */; };
		149EFDD627BAE0D800B8D4A4 /* ProfileViewController.swift in Sources */ = {isa = PBXBuildFile; fileRef = 149EFDD527BAE0D800B8D4A4 /* ProfileViewController.swift */; };
		149EFDD827BAE10C00B8D4A4 /* PlayerViewController.swift in Sources */ = {isa = PBXBuildFile; fileRef = 149EFDD727BAE10C00B8D4A4 /* PlayerViewController.swift */; };
		149EFDDA27BAE11700B8D4A4 /* PlayListViewController.swift in Sources */ = {isa = PBXBuildFile; fileRef = 149EFDD927BAE11700B8D4A4 /* PlayListViewController.swift */; };
		149EFDDC27BAE12300B8D4A4 /* SearchResultViewController.swift in Sources */ = {isa = PBXBuildFile; fileRef = 149EFDDB27BAE12300B8D4A4 /* SearchResultViewController.swift */; };
		149EFDDE27BAE26000B8D4A4 /* AuthManager.swift in Sources */ = {isa = PBXBuildFile; fileRef = 149EFDDD27BAE26000B8D4A4 /* AuthManager.swift */; };
		149EFDE027BAE27700B8D4A4 /* ApiCallerManager.swift in Sources */ = {isa = PBXBuildFile; fileRef = 149EFDDF27BAE27700B8D4A4 /* ApiCallerManager.swift */; };
		149EFDE227BAE29800B8D4A4 /* HapticsManager.swift in Sources */ = {isa = PBXBuildFile; fileRef = 149EFDE127BAE29800B8D4A4 /* HapticsManager.swift */; };
		149EFDE427BAE2C200B8D4A4 /* PlayList.swift in Sources */ = {isa = PBXBuildFile; fileRef = 149EFDE327BAE2C200B8D4A4 /* PlayList.swift */; };
		149EFDE627BAE2CF00B8D4A4 /* AudioTrack.swift in Sources */ = {isa = PBXBuildFile; fileRef = 149EFDE527BAE2CF00B8D4A4 /* AudioTrack.swift */; };
		149EFDE827BAE2F900B8D4A4 /* Artist.swift in Sources */ = {isa = PBXBuildFile; fileRef = 149EFDE727BAE2F900B8D4A4 /* Artist.swift */; };
		149EFDEA27BAE31100B8D4A4 /* UserProfile.swift in Sources */ = {isa = PBXBuildFile; fileRef = 149EFDE927BAE31100B8D4A4 /* UserProfile.swift */; };
		149EFDEC27BB09DF00B8D4A4 /* Extensions.swift in Sources */ = {isa = PBXBuildFile; fileRef = 149EFDEB27BB09DF00B8D4A4 /* Extensions.swift */; };
/* End PBXBuildFile section */

/* Begin PBXFileReference section */
		140CE86227BC7F390061DDA9 /* AuthResponse.swift */ = {isa = PBXFileReference; lastKnownFileType = sourcecode.swift; path = AuthResponse.swift; sourceTree = "<group>"; };
		149EFDA527BABFA800B8D4A4 /* Spotify.app */ = {isa = PBXFileReference; explicitFileType = wrapper.application; includeInIndex = 0; path = Spotify.app; sourceTree = BUILT_PRODUCTS_DIR; };
		149EFDA827BABFA800B8D4A4 /* AppDelegate.swift */ = {isa = PBXFileReference; lastKnownFileType = sourcecode.swift; path = AppDelegate.swift; sourceTree = "<group>"; };
		149EFDAA27BABFA800B8D4A4 /* SceneDelegate.swift */ = {isa = PBXFileReference; lastKnownFileType = sourcecode.swift; path = SceneDelegate.swift; sourceTree = "<group>"; };
		149EFDAC27BABFA800B8D4A4 /* HomeViewController.swift */ = {isa = PBXFileReference; lastKnownFileType = sourcecode.swift; path = HomeViewController.swift; sourceTree = "<group>"; };
		149EFDB427BABFAD00B8D4A4 /* Assets.xcassets */ = {isa = PBXFileReference; lastKnownFileType = folder.assetcatalog; path = Assets.xcassets; sourceTree = "<group>"; };
		149EFDB727BABFAD00B8D4A4 /* Base */ = {isa = PBXFileReference; lastKnownFileType = file.storyboard; name = Base; path = Base.lproj/LaunchScreen.storyboard; sourceTree = "<group>"; };
		149EFDB927BABFAD00B8D4A4 /* Info.plist */ = {isa = PBXFileReference; lastKnownFileType = text.plist.xml; path = Info.plist; sourceTree = "<group>"; };
		149EFDC727BADFE000B8D4A4 /* TabBarViewController.swift */ = {isa = PBXFileReference; lastKnownFileType = sourcecode.swift; path = TabBarViewController.swift; sourceTree = "<group>"; };
		149EFDC927BADFFA00B8D4A4 /* SearchViewController.swift */ = {isa = PBXFileReference; lastKnownFileType = sourcecode.swift; path = SearchViewController.swift; sourceTree = "<group>"; };
		149EFDCB27BAE00A00B8D4A4 /* LibraryViewController.swift */ = {isa = PBXFileReference; lastKnownFileType = sourcecode.swift; path = LibraryViewController.swift; sourceTree = "<group>"; };
		149EFDCF27BAE09700B8D4A4 /* AuthViewController.swift */ = {isa = PBXFileReference; lastKnownFileType = sourcecode.swift; path = AuthViewController.swift; sourceTree = "<group>"; };
		149EFDD127BAE0A400B8D4A4 /* WelcomeViewController.swift */ = {isa = PBXFileReference; lastKnownFileType = sourcecode.swift; path = WelcomeViewController.swift; sourceTree = "<group>"; };
		149EFDD327BAE0C900B8D4A4 /* SettingViewController.swift */ = {isa = PBXFileReference; lastKnownFileType = sourcecode.swift; path = SettingViewController.swift; sourceTree = "<group>"; };
		149EFDD527BAE0D800B8D4A4 /* ProfileViewController.swift */ = {isa = PBXFileReference; lastKnownFileType = sourcecode.swift; path = ProfileViewController.swift; sourceTree = "<group>"; };
		149EFDD727BAE10C00B8D4A4 /* PlayerViewController.swift */ = {isa = PBXFileReference; lastKnownFileType = sourcecode.swift; path = PlayerViewController.swift; sourceTree = "<group>"; };
		149EFDD927BAE11700B8D4A4 /* PlayListViewController.swift */ = {isa = PBXFileReference; lastKnownFileType = sourcecode.swift; path = PlayListViewController.swift; sourceTree = "<group>"; };
		149EFDDB27BAE12300B8D4A4 /* SearchResultViewController.swift */ = {isa = PBXFileReference; lastKnownFileType = sourcecode.swift; path = SearchResultViewController.swift; sourceTree = "<group>"; };
		149EFDDD27BAE26000B8D4A4 /* AuthManager.swift */ = {isa = PBXFileReference; lastKnownFileType = sourcecode.swift; path = AuthManager.swift; sourceTree = "<group>"; };
		149EFDDF27BAE27700B8D4A4 /* ApiCallerManager.swift */ = {isa = PBXFileReference; lastKnownFileType = sourcecode.swift; path = ApiCallerManager.swift; sourceTree = "<group>"; };
		149EFDE127BAE29800B8D4A4 /* HapticsManager.swift */ = {isa = PBXFileReference; lastKnownFileType = sourcecode.swift; path = HapticsManager.swift; sourceTree = "<group>"; };
		149EFDE327BAE2C200B8D4A4 /* PlayList.swift */ = {isa = PBXFileReference; lastKnownFileType = sourcecode.swift; path = PlayList.swift; sourceTree = "<group>"; };
		149EFDE527BAE2CF00B8D4A4 /* AudioTrack.swift */ = {isa = PBXFileReference; lastKnownFileType = sourcecode.swift; path = AudioTrack.swift; sourceTree = "<group>"; };
		149EFDE727BAE2F900B8D4A4 /* Artist.swift */ = {isa = PBXFileReference; lastKnownFileType = sourcecode.swift; path = Artist.swift; sourceTree = "<group>"; };
		149EFDE927BAE31100B8D4A4 /* UserProfile.swift */ = {isa = PBXFileReference; lastKnownFileType = sourcecode.swift; path = UserProfile.swift; sourceTree = "<group>"; };
		149EFDEB27BB09DF00B8D4A4 /* Extensions.swift */ = {isa = PBXFileReference; lastKnownFileType = sourcecode.swift; path = Extensions.swift; sourceTree = "<group>"; };
/* End PBXFileReference section */

/* Begin PBXFrameworksBuildPhase section */
		149EFDA227BABFA800B8D4A4 /* Frameworks */ = {
			isa = PBXFrameworksBuildPhase;
			buildActionMask = 2147483647;
			files = (
			);
			runOnlyForDeploymentPostprocessing = 0;
		};
/* End PBXFrameworksBuildPhase section */

/* Begin PBXGroup section */
		149EFD9C27BABFA800B8D4A4 = {
			isa = PBXGroup;
			children = (
				149EFDA727BABFA800B8D4A4 /* Spotify */,
				149EFDA627BABFA800B8D4A4 /* Products */,
			);
			sourceTree = "<group>";
		};
		149EFDA627BABFA800B8D4A4 /* Products */ = {
			isa = PBXGroup;
			children = (
				149EFDA527BABFA800B8D4A4 /* Spotify.app */,
			);
			name = Products;
			sourceTree = "<group>";
		};
		149EFDA727BABFA800B8D4A4 /* Spotify */ = {
			isa = PBXGroup;
			children = (
				149EFDC427BAC10200B8D4A4 /* Resources */,
				149EFDC327BAC0FB00B8D4A4 /* Managers */,
				149EFDC227BAC0F300B8D4A4 /* View Model */,
				149EFDC127BAC0EE00B8D4A4 /* Views */,
				149EFDC027BAC0E800B8D4A4 /* Model */,
				149EFDBF27BAC0D600B8D4A4 /* controller */,
				149EFDB927BABFAD00B8D4A4 /* Info.plist */,
			);
			path = Spotify;
			sourceTree = "<group>";
		};
		149EFDBF27BAC0D600B8D4A4 /* controller */ = {
			isa = PBXGroup;
			children = (
				149EFDCE27BAE08200B8D4A4 /* Other */,
				149EFDCD27BAE01D00B8D4A4 /* Core */,
			);
			path = controller;
			sourceTree = "<group>";
		};
		149EFDC027BAC0E800B8D4A4 /* Model */ = {
			isa = PBXGroup;
			children = (
				149EFDE327BAE2C200B8D4A4 /* PlayList.swift */,
				149EFDE527BAE2CF00B8D4A4 /* AudioTrack.swift */,
				149EFDE727BAE2F900B8D4A4 /* Artist.swift */,
				149EFDE927BAE31100B8D4A4 /* UserProfile.swift */,
				140CE86227BC7F390061DDA9 /* AuthResponse.swift */,
			);
			path = Model;
			sourceTree = "<group>";
		};
		149EFDC127BAC0EE00B8D4A4 /* Views */ = {
			isa = PBXGroup;
			children = (
				149EFDB627BABFAD00B8D4A4 /* LaunchScreen.storyboard */,
			);
			path = Views;
			sourceTree = "<group>";
		};
		149EFDC227BAC0F300B8D4A4 /* View Model */ = {
			isa = PBXGroup;
			children = (
			);
			path = "View Model";
			sourceTree = "<group>";
		};
		149EFDC327BAC0FB00B8D4A4 /* Managers */ = {
			isa = PBXGroup;
			children = (
				149EFDDD27BAE26000B8D4A4 /* AuthManager.swift */,
				149EFDDF27BAE27700B8D4A4 /* ApiCallerManager.swift */,
				149EFDE127BAE29800B8D4A4 /* HapticsManager.swift */,
			);
			path = Managers;
			sourceTree = "<group>";
		};
		149EFDC427BAC10200B8D4A4 /* Resources */ = {
			isa = PBXGroup;
			children = (
				149EFDA827BABFA800B8D4A4 /* AppDelegate.swift */,
				149EFDAA27BABFA800B8D4A4 /* SceneDelegate.swift */,
				149EFDB427BABFAD00B8D4A4 /* Assets.xcassets */,
				149EFDEB27BB09DF00B8D4A4 /* Extensions.swift */,
			);
			path = Resources;
			sourceTree = "<group>";
		};
		149EFDCD27BAE01D00B8D4A4 /* Core */ = {
			isa = PBXGroup;
			children = (
				149EFDAC27BABFA800B8D4A4 /* HomeViewController.swift */,
				149EFDC727BADFE000B8D4A4 /* TabBarViewController.swift */,
				149EFDC927BADFFA00B8D4A4 /* SearchViewController.swift */,
				149EFDCB27BAE00A00B8D4A4 /* LibraryViewController.swift */,
			);
			path = Core;
			sourceTree = "<group>";
		};
		149EFDCE27BAE08200B8D4A4 /* Other */ = {
			isa = PBXGroup;
			children = (
				149EFDCF27BAE09700B8D4A4 /* AuthViewController.swift */,
				149EFDD127BAE0A400B8D4A4 /* WelcomeViewController.swift */,
				149EFDD327BAE0C900B8D4A4 /* SettingViewController.swift */,
				149EFDD527BAE0D800B8D4A4 /* ProfileViewController.swift */,
				149EFDD727BAE10C00B8D4A4 /* PlayerViewController.swift */,
				149EFDD927BAE11700B8D4A4 /* PlayListViewController.swift */,
				149EFDDB27BAE12300B8D4A4 /* SearchResultViewController.swift */,
			);
			path = Other;
			sourceTree = "<group>";
		};
/* End PBXGroup section */

/* Begin PBXNativeTarget section */
		149EFDA427BABFA800B8D4A4 /* Spotify */ = {
			isa = PBXNativeTarget;
			buildConfigurationList = 149EFDBC27BABFAD00B8D4A4 /* Build configuration list for PBXNativeTarget "Spotify" */;
			buildPhases = (
				149EFDA127BABFA800B8D4A4 /* Sources */,
				149EFDA227BABFA800B8D4A4 /* Frameworks */,
				149EFDA327BABFA800B8D4A4 /* Resources */,
			);
			buildRules = (
			);
			dependencies = (
			);
			name = Spotify;
			productName = Spotify;
			productReference = 149EFDA527BABFA800B8D4A4 /* Spotify.app */;
			productType = "com.apple.product-type.application";
		};
/* End PBXNativeTarget section */

/* Begin PBXProject section */
		149EFD9D27BABFA800B8D4A4 /* Project object */ = {
			isa = PBXProject;
			attributes = {
				BuildIndependentTargetsInParallel = 1;
				LastSwiftUpdateCheck = 1310;
				LastUpgradeCheck = 1310;
				TargetAttributes = {
					149EFDA427BABFA800B8D4A4 = {
						CreatedOnToolsVersion = 13.1;
					};
				};
			};
			buildConfigurationList = 149EFDA027BABFA800B8D4A4 /* Build configuration list for PBXProject "Spotify" */;
			compatibilityVersion = "Xcode 13.0";
			developmentRegion = en;
			hasScannedForEncodings = 0;
			knownRegions = (
				en,
				Base,
			);
			mainGroup = 149EFD9C27BABFA800B8D4A4;
			productRefGroup = 149EFDA627BABFA800B8D4A4 /* Products */;
			projectDirPath = "";
			projectRoot = "";
			targets = (
				149EFDA427BABFA800B8D4A4 /* Spotify */,
			);
		};
/* End PBXProject section */

/* Begin PBXResourcesBuildPhase section */
		149EFDA327BABFA800B8D4A4 /* Resources */ = {
			isa = PBXResourcesBuildPhase;
			buildActionMask = 2147483647;
			files = (
				149EFDB827BABFAD00B8D4A4 /* LaunchScreen.storyboard in Resources */,
				149EFDB527BABFAD00B8D4A4 /* Assets.xcassets in Resources */,
			);
			runOnlyForDeploymentPostprocessing = 0;
		};
/* End PBXResourcesBuildPhase section */

/* Begin PBXSourcesBuildPhase section */
		149EFDA127BABFA800B8D4A4 /* Sources */ = {
			isa = PBXSourcesBuildPhase;
			buildActionMask = 2147483647;
			files = (
				149EFDD227BAE0A400B8D4A4 /* WelcomeViewController.swift in Sources */,
				149EFDCA27BADFFA00B8D4A4 /* SearchViewController.swift in Sources */,
				149EFDEA27BAE31100B8D4A4 /* UserProfile.swift in Sources */,
				149EFDAD27BABFA800B8D4A4 /* HomeViewController.swift in Sources */,
				149EFDA927BABFA800B8D4A4 /* AppDelegate.swift in Sources */,
				149EFDDE27BAE26000B8D4A4 /* AuthManager.swift in Sources */,
				149EFDD827BAE10C00B8D4A4 /* PlayerViewController.swift in Sources */,
				149EFDE027BAE27700B8D4A4 /* ApiCallerManager.swift in Sources */,
				140CE86327BC7F390061DDA9 /* AuthResponse.swift in Sources */,
				149EFDEC27BB09DF00B8D4A4 /* Extensions.swift in Sources */,
				149EFDE627BAE2CF00B8D4A4 /* AudioTrack.swift in Sources */,
				149EFDE227BAE29800B8D4A4 /* HapticsManager.swift in Sources */,
				149EFDD427BAE0C900B8D4A4 /* SettingViewController.swift in Sources */,
				149EFDD627BAE0D800B8D4A4 /* ProfileViewController.swift in Sources */,
				149EFDE427BAE2C200B8D4A4 /* PlayList.swift in Sources */,
				149EFDDC27BAE12300B8D4A4 /* SearchResultViewController.swift in Sources */,
				149EFDD027BAE09700B8D4A4 /* AuthViewController.swift in Sources */,
				149EFDCC27BAE00A00B8D4A4 /* LibraryViewController.swift in Sources */,
				149EFDC827BADFE000B8D4A4 /* TabBarViewController.swift in Sources */,
				149EFDDA27BAE11700B8D4A4 /* PlayListViewController.swift in Sources */,
				149EFDE827BAE2F900B8D4A4 /* Artist.swift in Sources */,
				149EFDAB27BABFA800B8D4A4 /* SceneDelegate.swift in Sources */,
			);
			runOnlyForDeploymentPostprocessing = 0;
		};
/* End PBXSourcesBuildPhase section */

/* Begin PBXVariantGroup section */
		149EFDB627BABFAD00B8D4A4 /* LaunchScreen.storyboard */ = {
			isa = PBXVariantGroup;
			children = (
				149EFDB727BABFAD00B8D4A4 /* Base */,
			);
			name = LaunchScreen.storyboard;
			sourceTree = "<group>";
		};
/* End PBXVariantGroup section */

/* Begin XCBuildConfiguration section */
		149EFDBA27BABFAD00B8D4A4 /* Debug */ = {
			isa = XCBuildConfiguration;
			buildSettings = {
				ALWAYS_SEARCH_USER_PATHS = NO;
				CLANG_ANALYZER_NONNULL = YES;
				CLANG_ANALYZER_NUMBER_OBJECT_CONVERSION = YES_AGGRESSIVE;
				CLANG_CXX_LANGUAGE_STANDARD = "gnu++17";
				CLANG_CXX_LIBRARY = "libc++";
				CLANG_ENABLE_MODULES = YES;
				CLANG_ENABLE_OBJC_ARC = YES;
				CLANG_ENABLE_OBJC_WEAK = YES;
				CLANG_WARN_BLOCK_CAPTURE_AUTORELEASING = YES;
				CLANG_WARN_BOOL_CONVERSION = YES;
				CLANG_WARN_COMMA = YES;
				CLANG_WARN_CONSTANT_CONVERSION = YES;
				CLANG_WARN_DEPRECATED_OBJC_IMPLEMENTATIONS = YES;
				CLANG_WARN_DIRECT_OBJC_ISA_USAGE = YES_ERROR;
				CLANG_WARN_DOCUMENTATION_COMMENTS = YES;
				CLANG_WARN_EMPTY_BODY = YES;
				CLANG_WARN_ENUM_CONVERSION = YES;
				CLANG_WARN_INFINITE_RECURSION = YES;
				CLANG_WARN_INT_CONVERSION = YES;
				CLANG_WARN_NON_LITERAL_NULL_CONVERSION = YES;
				CLANG_WARN_OBJC_IMPLICIT_RETAIN_SELF = YES;
				CLANG_WARN_OBJC_LITERAL_CONVERSION = YES;
				CLANG_WARN_OBJC_ROOT_CLASS = YES_ERROR;
				CLANG_WARN_QUOTED_INCLUDE_IN_FRAMEWORK_HEADER = YES;
				CLANG_WARN_RANGE_LOOP_ANALYSIS = YES;
				CLANG_WARN_STRICT_PROTOTYPES = YES;
				CLANG_WARN_SUSPICIOUS_MOVE = YES;
				CLANG_WARN_UNGUARDED_AVAILABILITY = YES_AGGRESSIVE;
				CLANG_WARN_UNREACHABLE_CODE = YES;
				CLANG_WARN__DUPLICATE_METHOD_MATCH = YES;
				COPY_PHASE_STRIP = NO;
				DEBUG_INFORMATION_FORMAT = dwarf;
				ENABLE_STRICT_OBJC_MSGSEND = YES;
				ENABLE_TESTABILITY = YES;
				GCC_C_LANGUAGE_STANDARD = gnu11;
				GCC_DYNAMIC_NO_PIC = NO;
				GCC_NO_COMMON_BLOCKS = YES;
				GCC_OPTIMIZATION_LEVEL = 0;
				GCC_PREPROCESSOR_DEFINITIONS = (
					"DEBUG=1",
					"$(inherited)",
				);
				GCC_WARN_64_TO_32_BIT_CONVERSION = YES;
				GCC_WARN_ABOUT_RETURN_TYPE = YES_ERROR;
				GCC_WARN_UNDECLARED_SELECTOR = YES;
				GCC_WARN_UNINITIALIZED_AUTOS = YES_AGGRESSIVE;
				GCC_WARN_UNUSED_FUNCTION = YES;
				GCC_WARN_UNUSED_VARIABLE = YES;
				IPHONEOS_DEPLOYMENT_TARGET = 15.0;
				MTL_ENABLE_DEBUG_INFO = INCLUDE_SOURCE;
				MTL_FAST_MATH = YES;
				ONLY_ACTIVE_ARCH = YES;
				SDKROOT = iphoneos;
				SWIFT_ACTIVE_COMPILATION_CONDITIONS = DEBUG;
				SWIFT_OPTIMIZATION_LEVEL = "-Onone";
			};
			name = Debug;
		};
		149EFDBB27BABFAD00B8D4A4 /* Release */ = {
			isa = XCBuildConfiguration;
			buildSettings = {
				ALWAYS_SEARCH_USER_PATHS = NO;
				CLANG_ANALYZER_NONNULL = YES;
				CLANG_ANALYZER_NUMBER_OBJECT_CONVERSION = YES_AGGRESSIVE;
				CLANG_CXX_LANGUAGE_STANDARD = "gnu++17";
				CLANG_CXX_LIBRARY = "libc++";
				CLANG_ENABLE_MODULES = YES;
				CLANG_ENABLE_OBJC_ARC = YES;
				CLANG_ENABLE_OBJC_WEAK = YES;
				CLANG_WARN_BLOCK_CAPTURE_AUTORELEASING = YES;
				CLANG_WARN_BOOL_CONVERSION = YES;
				CLANG_WARN_COMMA = YES;
				CLANG_WARN_CONSTANT_CONVERSION = YES;
				CLANG_WARN_DEPRECATED_OBJC_IMPLEMENTATIONS = YES;
				CLANG_WARN_DIRECT_OBJC_ISA_USAGE = YES_ERROR;
				CLANG_WARN_DOCUMENTATION_COMMENTS = YES;
				CLANG_WARN_EMPTY_BODY = YES;
				CLANG_WARN_ENUM_CONVERSION = YES;
				CLANG_WARN_INFINITE_RECURSION = YES;
				CLANG_WARN_INT_CONVERSION = YES;
				CLANG_WARN_NON_LITERAL_NULL_CONVERSION = YES;
				CLANG_WARN_OBJC_IMPLICIT_RETAIN_SELF = YES;
				CLANG_WARN_OBJC_LITERAL_CONVERSION = YES;
				CLANG_WARN_OBJC_ROOT_CLASS = YES_ERROR;
				CLANG_WARN_QUOTED_INCLUDE_IN_FRAMEWORK_HEADER = YES;
				CLANG_WARN_RANGE_LOOP_ANALYSIS = YES;
				CLANG_WARN_STRICT_PROTOTYPES = YES;
				CLANG_WARN_SUSPICIOUS_MOVE = YES;
				CLANG_WARN_UNGUARDED_AVAILABILITY = YES_AGGRESSIVE;
				CLANG_WARN_UNREACHABLE_CODE = YES;
				CLANG_WARN__DUPLICATE_METHOD_MATCH = YES;
				COPY_PHASE_STRIP = NO;
				DEBUG_INFORMATION_FORMAT = "dwarf-with-dsym";
				ENABLE_NS_ASSERTIONS = NO;
				ENABLE_STRICT_OBJC_MSGSEND = YES;
				GCC_C_LANGUAGE_STANDARD = gnu11;
				GCC_NO_COMMON_BLOCKS = YES;
				GCC_WARN_64_TO_32_BIT_CONVERSION = YES;
				GCC_WARN_ABOUT_RETURN_TYPE = YES_ERROR;
				GCC_WARN_UNDECLARED_SELECTOR = YES;
				GCC_WARN_UNINITIALIZED_AUTOS = YES_AGGRESSIVE;
				GCC_WARN_UNUSED_FUNCTION = YES;
				GCC_WARN_UNUSED_VARIABLE = YES;
				IPHONEOS_DEPLOYMENT_TARGET = 15.0;
				MTL_ENABLE_DEBUG_INFO = NO;
				MTL_FAST_MATH = YES;
				SDKROOT = iphoneos;
				SWIFT_COMPILATION_MODE = wholemodule;
				SWIFT_OPTIMIZATION_LEVEL = "-O";
				VALIDATE_PRODUCT = YES;
			};
			name = Release;
		};
		149EFDBD27BABFAD00B8D4A4 /* Debug */ = {
			isa = XCBuildConfiguration;
			buildSettings = {
				ASSETCATALOG_COMPILER_APPICON_NAME = AppIcon;
				ASSETCATALOG_COMPILER_GLOBAL_ACCENT_COLOR_NAME = AccentColor;
				CODE_SIGN_STYLE = Automatic;
				CURRENT_PROJECT_VERSION = 1;
				GENERATE_INFOPLIST_FILE = YES;
				INFOPLIST_FILE = Spotify/Info.plist;
				INFOPLIST_KEY_UIApplicationSupportsIndirectInputEvents = YES;
				INFOPLIST_KEY_UILaunchStoryboardName = LaunchScreen;
				INFOPLIST_KEY_UISupportedInterfaceOrientations_iPad = "UIInterfaceOrientationPortrait UIInterfaceOrientationPortraitUpsideDown UIInterfaceOrientationLandscapeLeft UIInterfaceOrientationLandscapeRight";
				INFOPLIST_KEY_UISupportedInterfaceOrientations_iPhone = "UIInterfaceOrientationPortrait UIInterfaceOrientationLandscapeLeft UIInterfaceOrientationLandscapeRight";
				LD_RUNPATH_SEARCH_PATHS = (
					"$(inherited)",
					"@executable_path/Frameworks",
				);
				MARKETING_VERSION = 1.0;
				PRODUCT_BUNDLE_IDENTIFIER = oday.Spotify;
				PRODUCT_NAME = "$(TARGET_NAME)";
				SWIFT_EMIT_LOC_STRINGS = YES;
				SWIFT_VERSION = 5.0;
				TARGETED_DEVICE_FAMILY = 1;
			};
			name = Debug;
		};
		149EFDBE27BABFAD00B8D4A4 /* Release */ = {
			isa = XCBuildConfiguration;
			buildSettings = {
				ASSETCATALOG_COMPILER_APPICON_NAME = AppIcon;
				ASSETCATALOG_COMPILER_GLOBAL_ACCENT_COLOR_NAME = AccentColor;
				CODE_SIGN_STYLE = Automatic;
				CURRENT_PROJECT_VERSION = 1;
				GENERATE_INFOPLIST_FILE = YES;
				INFOPLIST_FILE = Spotify/Info.plist;
				INFOPLIST_KEY_UIApplicationSupportsIndirectInputEvents = YES;
				INFOPLIST_KEY_UILaunchStoryboardName = LaunchScreen;
				INFOPLIST_KEY_UISupportedInterfaceOrientations_iPad = "UIInterfaceOrientationPortrait UIInterfaceOrientationPortraitUpsideDown UIInterfaceOrientationLandscapeLeft UIInterfaceOrientationLandscapeRight";
				INFOPLIST_KEY_UISupportedInterfaceOrientations_iPhone = "UIInterfaceOrientationPortrait UIInterfaceOrientationLandscapeLeft UIInterfaceOrientationLandscapeRight";
				LD_RUNPATH_SEARCH_PATHS = (
					"$(inherited)",
					"@executable_path/Frameworks",
				);
				MARKETING_VERSION = 1.0;
				PRODUCT_BUNDLE_IDENTIFIER = oday.Spotify;
				PRODUCT_NAME = "$(TARGET_NAME)";
				SWIFT_EMIT_LOC_STRINGS = YES;
				SWIFT_VERSION = 5.0;
				TARGETED_DEVICE_FAMILY = 1;
			};
			name = Release;
		};
/* End XCBuildConfiguration section */

/* Begin XCConfigurationList section */
		149EFDA027BABFA800B8D4A4 /* Build configuration list for PBXProject "Spotify" */ = {
			isa = XCConfigurationList;
			buildConfigurations = (
				149EFDBA27BABFAD00B8D4A4 /* Debug */,
				149EFDBB27BABFAD00B8D4A4 /* Release */,
			);
			defaultConfigurationIsVisible = 0;
			defaultConfigurationName = Release;
		};
		149EFDBC27BABFAD00B8D4A4 /* Build configuration list for PBXNativeTarget "Spotify" */ = {
			isa = XCConfigurationList;
			buildConfigurations = (
				149EFDBD27BABFAD00B8D4A4 /* Debug */,
				149EFDBE27BABFAD00B8D4A4 /* Release */,
			);
			defaultConfigurationIsVisible = 0;
			defaultConfigurationName = Release;
		};
/* End XCConfigurationList section */
	};
	rootObject = 149EFD9D27BABFA800B8D4A4 /* Project object */;
}
